
Microsoft Visual Studio Solution File, Format Version 12.00
# Visual Studio Version 17
VisualStudioVersion = 17.10.35122.118
MinimumVisualStudioVersion = 10.0.40219.1
Project("{FAE04EC0-301F-11D3-BF4B-00C04F79EFBC}") = "AppWebSpa", "AppWebSpa\AppWebSpa.csproj", "{4BCB8B76-FDD4-4AC3-A6ED-752AD13679A2}"
EndProject
Project("{2150E333-8FDC-42A3-9474-1A3956D46DE8}") = "Elementos de la solución", "Elementos de la solución", "{5BC9A902-A0AE-4761-B250-90D1D2ECBA44}"
	ProjectSection(SolutionItems) = preProject
		.gitignore = .gitignore
	EndProjectSection
EndProject
Global
	GlobalSection(SolutionConfigurationPlatforms) = preSolution
		Debug|Any CPU = Debug|Any CPU
		Release|Any CPU = Release|Any CPU
	EndGlobalSection
	GlobalSection(ProjectConfigurationPlatforms) = postSolution
		{4BCB8B76-FDD4-4AC3-A6ED-752AD13679A2}.Debug|Any CPU.ActiveCfg = Debug|Any CPU
		{4BCB8B76-FDD4-4AC3-A6ED-752AD13679A2}.Debug|Any CPU.Build.0 = Debug|Any CPU
		{4BCB8B76-FDD4-4AC3-A6ED-752AD13679A2}.Release|Any CPU.ActiveCfg = Release|Any CPU
		{4BCB8B76-FDD4-4AC3-A6ED-752AD13679A2}.Release|Any CPU.Build.0 = Release|Any CPU
	EndGlobalSection
	GlobalSection(SolutionProperties) = preSolution
		HideSolutionNode = FALSE
	EndGlobalSection
	GlobalSection(ExtensibilityGlobals) = postSolution
		SolutionGuid = {7956F8AF-2777-4941-80FB-644CB114095D}
	EndGlobalSection
EndGlobal
